
Microsoft Visual Studio Solution File, Format Version 12.00
# Visual Studio Version 17
VisualStudioVersion = 17.9.34728.123
MinimumVisualStudioVersion = 10.0.40219.1
Project("{FAE04EC0-301F-11D3-BF4B-00C04F79EFBC}") = "Lab5", "Lab5.csproj", "{D4B890DE-45D4-4E0C-A554-8BA0C7C8D5E7}"
EndProject
Project("{FAE04EC0-301F-11D3-BF4B-00C04F79EFBC}") = "ClassLibraryLab5", "..\ClassLibraryLab5\ClassLibraryLab5.csproj", "{CEF64B27-2589-49D2-91B7-91F8C564EE73}"
EndProject
Global
	GlobalSection(SolutionConfigurationPlatforms) = preSolution
		Debug|Any CPU = Debug|Any CPU
		Release|Any CPU = Release|Any CPU
	EndGlobalSection
	GlobalSection(ProjectConfigurationPlatforms) = postSolution
		{D4B890DE-45D4-4E0C-A554-8BA0C7C8D5E7}.Debug|Any CPU.ActiveCfg = Debug|Any CPU
		{D4B890DE-45D4-4E0C-A554-8BA0C7C8D5E7}.Debug|Any CPU.Build.0 = Debug|Any CPU
		{D4B890DE-45D4-4E0C-A554-8BA0C7C8D5E7}.Release|Any CPU.ActiveCfg = Release|Any CPU
		{D4B890DE-45D4-4E0C-A554-8BA0C7C8D5E7}.Release|Any CPU.Build.0 = Release|Any CPU
		{CEF64B27-2589-49D2-91B7-91F8C564EE73}.Debug|Any CPU.ActiveCfg = Debug|Any CPU
		{CEF64B27-2589-49D2-91B7-91F8C564EE73}.Debug|Any CPU.Build.0 = Debug|Any CPU
		{CEF64B27-2589-49D2-91B7-91F8C564EE73}.Release|Any CPU.ActiveCfg = Release|Any CPU
		{CEF64B27-2589-49D2-91B7-91F8C564EE73}.Release|Any CPU.Build.0 = Release|Any CPU
	EndGlobalSection
	GlobalSection(SolutionProperties) = preSolution
		HideSolutionNode = FALSE
	EndGlobalSection
	GlobalSection(ExtensibilityGlobals) = postSolution
		SolutionGuid = {2F415868-A86D-4393-BA71-6FE4DA89EAFE}
	EndGlobalSection
EndGlobal
